
Microsoft Visual Studio Solution File, Format Version 12.00
# Visual Studio Version 17
VisualStudioVersion = 17.14.36705.20 d17.14
MinimumVisualStudioVersion = 10.0.40219.1
Project("{FAE04EC0-301F-11D3-BF4B-00C04F79EFBC}") = "ProjectManager", "ProjectManager\ProjectManager.csproj", "{770A8F9C-EED4-40EC-AA37-065C9AAD437E}"
EndProject
Global
	GlobalSection(SolutionConfigurationPlatforms) = preSolution
		Debug|Any CPU = Debug|Any CPU
		Release|Any CPU = Release|Any CPU
	EndGlobalSection
	GlobalSection(ProjectConfigurationPlatforms) = postSolution
		{770A8F9C-EED4-40EC-AA37-065C9AAD437E}.Debug|Any CPU.ActiveCfg = Debug|Any CPU
		{770A8F9C-EED4-40EC-AA37-065C9AAD437E}.Debug|Any CPU.Build.0 = Debug|Any CPU
		{770A8F9C-EED4-40EC-AA37-065C9AAD437E}.Release|Any CPU.ActiveCfg = Release|Any CPU
		{770A8F9C-EED4-40EC-AA37-065C9AAD437E}.Release|Any CPU.Build.0 = Release|Any CPU
	EndGlobalSection
	GlobalSection(SolutionProperties) = preSolution
		HideSolutionNode = FALSE
	EndGlobalSection
	GlobalSection(ExtensibilityGlobals) = postSolution
		SolutionGuid = {AF6313F8-DDC6-4F46-8466-DDFF9C68A30A}
	EndGlobalSection
EndGlobal
